<?xml version="1.0" encoding="utf-8"?>
<Project ToolsVersion="4.0" xmlns="http://schemas.microsoft.com/developer/msbuild/2003">
  <ItemGroup>
    <Filter Include="ソース ファイル">
      <UniqueIdentifier>{4FC737F1-C7A5-4376-A066-2A32D752A2FF}</UniqueIdentifier>
      <Extensions>cpp;c;cc;cxx;def;odl;idl;hpj;bat;asm;asmx</Extensions>
    </Filter>
    <Filter Include="ヘッダー ファイル">
      <UniqueIdentifier>{93995380-89BD-4b04-88EB-625FBE52EBFB}</UniqueIdentifier>
      <Extensions>h;hh;hpp;hxx;hm;inl;inc;ipp;xsd</Extensions>
    </Filter>
    <Filter Include="リソース ファイル">
      <UniqueIdentifier>{67DA6AB6-F800-4c08-8B7A-83BB121AAD01}</UniqueIdentifier>
      <Extensions>rc;ico;cur;bmp;dlg;rc2;rct;bin;rgs;gif;jpg;jpeg;jpe;resx;tiff;tif;png;wav;mfcribbon-ms</Extensions>
    </Filter>
    <Filter Include="メニュー ファイル">
      <UniqueIdentifier>{ecc0675f-6e5a-41ba-b680-b698e88f8cd4}</UniqueIdentifier>
    </Filter>
    <Filter Include="メニュー ファイル\ソース ファイル">
      <UniqueIdentifier>{6538c9a4-f363-49a7-b21d-b504143a2c34}</UniqueIdentifier>
    </Filter>
    <Filter Include="メニュー ファイル\ヘッダー ファイル">
      <UniqueIdentifier>{77c313f0-3626-475b-b1be-d6d473934723}</UniqueIdentifier>
    </Filter>
    <Filter Include="キャラクター ファイル">
      <UniqueIdentifier>{795929b9-281e-4ec6-9749-747242c2a8b1}</UniqueIdentifier>
    </Filter>
    <Filter Include="シーン ファイル">
      <UniqueIdentifier>{d8565e4b-c793-4728-bf80-f0f84fe0df0a}</UniqueIdentifier>
    </Filter>
    <Filter Include="シーン ファイル\ソース ファイル">
      <UniqueIdentifier>{4ffb348c-f93e-4371-9d1f-3ef74c5aeb51}</UniqueIdentifier>
    </Filter>
    <Filter Include="シーン ファイル\ヘッダー ファイル">
      <UniqueIdentifier>{c1ebcda8-4b68-4f50-98ce-e8e9d657f32b}</UniqueIdentifier>
    </Filter>
    <Filter Include="キャラクター ファイル\ショット ファイル">
      <UniqueIdentifier>{599a31fe-089f-4dc3-b3cf-f8505f8a8e23}</UniqueIdentifier>
    </Filter>
    <Filter Include="キャラクター ファイル\ソース ファイル">
      <UniqueIdentifier>{68bc8330-9bfe-4369-bde5-1dd51bf17602}</UniqueIdentifier>
    </Filter>
    <Filter Include="キャラクター ファイル\ヘッダー ファイル">
      <UniqueIdentifier>{cc181d14-084d-43fb-b12d-d57e29622f1f}</UniqueIdentifier>
    </Filter>
    <Filter Include="キャラクター ファイル\ショット ファイル\ソース ファイル">
      <UniqueIdentifier>{a10de708-316c-43e1-9a2c-6a86681a1dba}</UniqueIdentifier>
    </Filter>
    <Filter Include="キャラクター ファイル\ショット ファイル\ヘッダー ファイル">
      <UniqueIdentifier>{791b75f3-327e-4f20-a23e-888cdcee53dc}</UniqueIdentifier>
    </Filter>
  </ItemGroup>
  <ItemGroup>
    <ClCompile Include="Game.cpp">
      <Filter>ソース ファイル</Filter>
    </ClCompile>
    <ClCompile Include="Geometry.cpp">
      <Filter>ソース ファイル</Filter>
    </ClCompile>
    <ClCompile Include="Peripheral.cpp">
      <Filter>ソース ファイル</Filter>
    </ClCompile>
    <ClCompile Include="Scene\GamePlayingScene.cpp">
      <Filter>シーン ファイル\ソース ファイル</Filter>
    </ClCompile>
    <ClCompile Include="Scene\Scene.cpp">
      <Filter>シーン ファイル\ソース ファイル</Filter>
    </ClCompile>
    <ClCompile Include="Scene\TitleScene.cpp">
      <Filter>シーン ファイル\ソース ファイル</Filter>
    </ClCompile>
    <ClCompile Include="main.cpp">
      <Filter>ソース ファイル</Filter>
    </ClCompile>
    <ClCompile Include="HUD.cpp">
      <Filter>ソース ファイル</Filter>
    </ClCompile>
    <ClCompile Include="GameScreen.cpp">
      <Filter>ソース ファイル</Filter>
    </ClCompile>
    <ClCompile Include="BackGround.cpp">
      <Filter>ソース ファイル</Filter>
    </ClCompile>
    <ClCompile Include="Scene\HalfResultScene.cpp">
      <Filter>シーン ファイル\ソース ファイル</Filter>
    </ClCompile>
    <ClCompile Include="Scene\ResultScene.cpp">
      <Filter>シーン ファイル\ソース ファイル</Filter>
    </ClCompile>
    <ClCompile Include="Scene\SelectScene.cpp">
      <Filter>シーン ファイル\ソース ファイル</Filter>
    </ClCompile>
    <ClCompile Include="Character\Player.cpp">
      <Filter>キャラクター ファイル\ソース ファイル</Filter>
    </ClCompile>
    <ClCompile Include="Character\CharacterObject.cpp">
      <Filter>キャラクター ファイル\ソース ファイル</Filter>
    </ClCompile>
    <ClCompile Include="Character\Enemy.cpp">
      <Filter>キャラクター ファイル\ソース ファイル</Filter>
    </ClCompile>
    <ClCompile Include="Character\EnemyFactory.cpp">
      <Filter>キャラクター ファイル\ソース ファイル</Filter>
    </ClCompile>
    <ClCompile Include="Character\Fish.cpp">
      <Filter>キャラクター ファイル\ソース ファイル</Filter>
    </ClCompile>
    <ClCompile Include="CollisionDetector.cpp">
      <Filter>ソース ファイル</Filter>
    </ClCompile>
    <ClCompile Include="Character\EnemyActionPattern.cpp">
      <Filter>キャラクター ファイル\ソース ファイル</Filter>
    </ClCompile>
    <ClCompile Include="Character\Shot\Shot.cpp">
      <Filter>キャラクター ファイル\ショット ファイル\ソース ファイル</Filter>
    </ClCompile>
    <ClCompile Include="Character\Shot\ShotFactory.cpp">
      <Filter>キャラクター ファイル\ショット ファイル\ソース ファイル</Filter>
    </ClCompile>
    <ClCompile Include="Scene\OptionScene.cpp">
      <Filter>シーン ファイル\ソース ファイル</Filter>
    </ClCompile>
    <ClCompile Include="KeyConfig.cpp">
      <Filter>ソース ファイル</Filter>
    </ClCompile>
    <ClCompile Include="Score.cpp">
      <Filter>ソース ファイル</Filter>
    </ClCompile>
    <ClCompile Include="EffectFactory.cpp">
      <Filter>ソース ファイル</Filter>
    </ClCompile>
    <ClCompile Include="Effect.cpp">
      <Filter>ソース ファイル</Filter>
    </ClCompile>
    <ClCompile Include="DieEffect.cpp">
      <Filter>ソース ファイル</Filter>
    </ClCompile>
    <ClCompile Include="Character\Shot\Radiation.cpp">
      <Filter>キャラクター ファイル\ショット ファイル\ソース ファイル</Filter>
    </ClCompile>
    <ClCompile Include="Character\Shot\Random.cpp">
      <Filter>キャラクター ファイル\ショット ファイル\ソース ファイル</Filter>
    </ClCompile>
    <ClCompile Include="Character\Shot\Shotgun.cpp">
      <Filter>キャラクター ファイル\ショット ファイル\ソース ファイル</Filter>
    </ClCompile>
    <ClCompile Include="Character\Shot\Tracking.cpp">
      <Filter>キャラクター ファイル\ショット ファイル\ソース ファイル</Filter>
    </ClCompile>
    <ClCompile Include="Character\Shot\Weak.cpp">
      <Filter>キャラクター ファイル\ショット ファイル\ソース ファイル</Filter>
    </ClCompile>
    <ClCompile Include="Character\Shot\Normal.cpp">
      <Filter>キャラクター ファイル\ショット ファイル\ソース ファイル</Filter>
    </ClCompile>
    <ClCompile Include="Character\Shot\CircleCross.cpp">
      <Filter>キャラクター ファイル\ショット ファイル\ソース ファイル</Filter>
    </ClCompile>
    <ClCompile Include="Character\Gusokun.cpp">
      <Filter>キャラクター ファイル\ソース ファイル</Filter>
    </ClCompile>
    <ClCompile Include="Sound.cpp">
      <Filter>ソース ファイル</Filter>
    </ClCompile>
    <ClCompile Include="Scene\SceneManager.cpp">
      <Filter>シーン ファイル\ソース ファイル</Filter>
    </ClCompile>
    <ClCompile Include="Scene\ContinueScene.cpp">
      <Filter>シーン ファイル\ソース ファイル</Filter>
    </ClCompile>
    <ClCompile Include="Scene\PauseScene.cpp">
      <Filter>シーン ファイル\ソース ファイル</Filter>
    </ClCompile>
    <ClCompile Include="Menu\PauseMenu.cpp">
      <Filter>メニュー ファイル\ソース ファイル</Filter>
    </ClCompile>
    <ClCompile Include="Menu\SelectMenu.cpp">
      <Filter>メニュー ファイル\ソース ファイル</Filter>
    </ClCompile>
    <ClCompile Include="Menu\TitleMenu.cpp">
      <Filter>メニュー ファイル\ソース ファイル</Filter>
    </ClCompile>
    <ClCompile Include="Menu\ContinueMenu.cpp">
      <Filter>メニュー ファイル\ソース ファイル</Filter>
    </ClCompile>
    <ClCompile Include="Menu\KeyConfigMenu.cpp">
      <Filter>メニュー ファイル\ソース ファイル</Filter>
    </ClCompile>
    <ClCompile Include="Menu\Menu.cpp">
      <Filter>メニュー ファイル\ソース ファイル</Filter>
    </ClCompile>
    <ClCompile Include="Menu\OptionMenu.cpp">
      <Filter>メニュー ファイル\ソース ファイル</Filter>
    </ClCompile>
    <ClCompile Include="Character\Ebi.cpp">
      <Filter>キャラクター ファイル\ソース ファイル</Filter>
    </ClCompile>
    <ClCompile Include="Character\Ika.cpp">
      <Filter>キャラクター ファイル\ソース ファイル</Filter>
    </ClCompile>
    <ClCompile Include="Scene\DescriptionScene.cpp">
      <Filter>シーン ファイル\ソース ファイル</Filter>
    </ClCompile>
  </ItemGroup>
  <ItemGroup>
    <ClInclude Include="Game.h">
      <Filter>ヘッダー ファイル</Filter>
    </ClInclude>
    <ClInclude Include="Geometry.h">
      <Filter>ヘッダー ファイル</Filter>
    </ClInclude>
    <ClInclude Include="Peripheral.h">
      <Filter>ヘッダー ファイル</Filter>
    </ClInclude>
    <ClInclude Include="Scene\GamePlayingScene.h">
      <Filter>シーン ファイル\ヘッダー ファイル</Filter>
    </ClInclude>
    <ClInclude Include="Scene\Scene.h">
      <Filter>シーン ファイル\ヘッダー ファイル</Filter>
    </ClInclude>
    <ClInclude Include="Scene\TitleScene.h">
      <Filter>シーン ファイル\ヘッダー ファイル</Filter>
    </ClInclude>
    <ClInclude Include="HUD.h">
      <Filter>ヘッダー ファイル</Filter>
    </ClInclude>
    <ClInclude Include="GameScreen.h">
      <Filter>ヘッダー ファイル</Filter>
    </ClInclude>
    <ClInclude Include="BackGround.h">
      <Filter>ヘッダー ファイル</Filter>
    </ClInclude>
    <ClInclude Include="Scene\HalfResultScene.h">
      <Filter>シーン ファイル\ヘッダー ファイル</Filter>
    </ClInclude>
    <ClInclude Include="Scene\SelectScene.h">
      <Filter>シーン ファイル\ヘッダー ファイル</Filter>
    </ClInclude>
    <ClInclude Include="Scene\ResultScene.h">
      <Filter>シーン ファイル\ヘッダー ファイル</Filter>
    </ClInclude>
    <ClInclude Include="resource.h">
      <Filter>ヘッダー ファイル</Filter>
    </ClInclude>
    <ClInclude Include="Character\Player.h">
      <Filter>キャラクター ファイル\ヘッダー ファイル</Filter>
    </ClInclude>
    <ClInclude Include="Character\CharacterObject.h">
      <Filter>キャラクター ファイル\ヘッダー ファイル</Filter>
    </ClInclude>
    <ClInclude Include="Character\Enemy.h">
      <Filter>キャラクター ファイル\ヘッダー ファイル</Filter>
    </ClInclude>
    <ClInclude Include="Character\EnemyFactory.h">
      <Filter>キャラクター ファイル\ヘッダー ファイル</Filter>
    </ClInclude>
    <ClInclude Include="Character\Fish.h">
      <Filter>キャラクター ファイル\ヘッダー ファイル</Filter>
    </ClInclude>
    <ClInclude Include="CollisionDetector.h">
      <Filter>ヘッダー ファイル</Filter>
    </ClInclude>
    <ClInclude Include="Character\EnemyActionPattern.h">
      <Filter>キャラクター ファイル\ヘッダー ファイル</Filter>
    </ClInclude>
    <ClInclude Include="Character\Shot\Shot.h">
      <Filter>キャラクター ファイル\ショット ファイル\ヘッダー ファイル</Filter>
    </ClInclude>
    <ClInclude Include="Character\Shot\ShotFactory.h">
      <Filter>キャラクター ファイル\ショット ファイル\ヘッダー ファイル</Filter>
    </ClInclude>
    <ClInclude Include="Scene\OptionScene.h">
      <Filter>シーン ファイル\ヘッダー ファイル</Filter>
    </ClInclude>
    <ClInclude Include="KeyConfig.h">
      <Filter>ヘッダー ファイル</Filter>
    </ClInclude>
    <ClInclude Include="Score.h">
      <Filter>ヘッダー ファイル</Filter>
    </ClInclude>
    <ClInclude Include="EffectFactory.h">
      <Filter>ヘッダー ファイル</Filter>
    </ClInclude>
    <ClInclude Include="Effect.h">
      <Filter>ヘッダー ファイル</Filter>
    </ClInclude>
    <ClInclude Include="DieEffect.h">
      <Filter>ヘッダー ファイル</Filter>
    </ClInclude>
    <ClInclude Include="Character\Shot\Normal.h">
      <Filter>キャラクター ファイル\ショット ファイル\ヘッダー ファイル</Filter>
    </ClInclude>
    <ClInclude Include="Character\Shot\Radiation.h">
      <Filter>キャラクター ファイル\ショット ファイル\ヘッダー ファイル</Filter>
    </ClInclude>
    <ClInclude Include="Character\Shot\Random.h">
      <Filter>キャラクター ファイル\ショット ファイル\ヘッダー ファイル</Filter>
    </ClInclude>
    <ClInclude Include="Character\Shot\Shotgun.h">
      <Filter>キャラクター ファイル\ショット ファイル\ヘッダー ファイル</Filter>
    </ClInclude>
    <ClInclude Include="Character\Shot\Weak.h">
      <Filter>キャラクター ファイル\ショット ファイル\ヘッダー ファイル</Filter>
    </ClInclude>
    <ClInclude Include="Character\Shot\Tracking.h">
      <Filter>キャラクター ファイル\ショット ファイル\ヘッダー ファイル</Filter>
    </ClInclude>
    <ClInclude Include="Character\Shot\CircleCross.h">
      <Filter>キャラクター ファイル\ショット ファイル\ヘッダー ファイル</Filter>
    </ClInclude>
    <ClInclude Include="Character\Gusokun.h">
      <Filter>キャラクター ファイル\ヘッダー ファイル</Filter>
    </ClInclude>
    <ClInclude Include="Sound.h">
      <Filter>ヘッダー ファイル</Filter>
    </ClInclude>
    <ClInclude Include="Scene\SceneManager.h">
      <Filter>シーン ファイル\ヘッダー ファイル</Filter>
    </ClInclude>
    <ClInclude Include="Scene\ContinueScene.h">
      <Filter>シーン ファイル\ヘッダー ファイル</Filter>
    </ClInclude>
    <ClInclude Include="Scene\PauseScene.h">
      <Filter>シーン ファイル\ヘッダー ファイル</Filter>
    </ClInclude>
    <ClInclude Include="Menu\TitleMenu.h">
      <Filter>メニュー ファイル\ヘッダー ファイル</Filter>
    </ClInclude>
    <ClInclude Include="Menu\SelectMenu.h">
      <Filter>メニュー ファイル\ヘッダー ファイル</Filter>
    </ClInclude>
    <ClInclude Include="Menu\PauseMenu.h">
      <Filter>メニュー ファイル\ヘッダー ファイル</Filter>
    </ClInclude>
    <ClInclude Include="Menu\OptionMenu.h">
      <Filter>メニュー ファイル\ヘッダー ファイル</Filter>
    </ClInclude>
    <ClInclude Include="Menu\Menu.h">
      <Filter>メニュー ファイル\ヘッダー ファイル</Filter>
    </ClInclude>
    <ClInclude Include="Menu\KeyConfigMenu.h">
      <Filter>メニュー ファイル\ヘッダー ファイル</Filter>
    </ClInclude>
    <ClInclude Include="Menu\ContinueMenu.h">
      <Filter>メニュー ファイル\ヘッダー ファイル</Filter>
    </ClInclude>
    <ClInclude Include="Character\Ebi.h">
      <Filter>キャラクター ファイル\ヘッダー ファイル</Filter>
    </ClInclude>
    <ClInclude Include="Character\Ika.h">
      <Filter>キャラクター ファイル\ヘッダー ファイル</Filter>
    </ClInclude>
    <ClInclude Include="Scene\DescriptionScene.h">
      <Filter>シーン ファイル\ヘッダー ファイル</Filter>
    </ClInclude>
  </ItemGroup>
  <ItemGroup>
    <ResourceCompile Include="ParasitismShooting.rc">
      <Filter>リソース ファイル</Filter>
    </ResourceCompile>
  </ItemGroup>
  <ItemGroup>
    <Image Include="img\icon.ico">
      <Filter>リソース ファイル</Filter>
    </Image>
  </ItemGroup>
</Project>